
Microsoft Visual Studio Solution File, Format Version 12.00
# Visual Studio 15
VisualStudioVersion = 15.0.27130.2027
MinimumVisualStudioVersion = 10.0.40219.1
Project("{FAE04EC0-301F-11D3-BF4B-00C04F79EFBC}") = "MvcMovie_Tarquinio", "MvcMovie_Tarquinio\MvcMovie_Tarquinio.csproj", "{87D1897B-082A-4370-9D47-B21CB11D8F6E}"
EndProject
Global
	GlobalSection(SolutionConfigurationPlatforms) = preSolution
		Debug|Any CPU = Debug|Any CPU
		Release|Any CPU = Release|Any CPU
	EndGlobalSection
	GlobalSection(ProjectConfigurationPlatforms) = postSolution
		{87D1897B-082A-4370-9D47-B21CB11D8F6E}.Debug|Any CPU.ActiveCfg = Debug|Any CPU
		{87D1897B-082A-4370-9D47-B21CB11D8F6E}.Debug|Any CPU.Build.0 = Debug|Any CPU
		{87D1897B-082A-4370-9D47-B21CB11D8F6E}.Release|Any CPU.ActiveCfg = Release|Any CPU
		{87D1897B-082A-4370-9D47-B21CB11D8F6E}.Release|Any CPU.Build.0 = Release|Any CPU
	EndGlobalSection
	GlobalSection(SolutionProperties) = preSolution
		HideSolutionNode = FALSE
	EndGlobalSection
	GlobalSection(ExtensibilityGlobals) = postSolution
		SolutionGuid = {8D7CEFC8-904B-449E-B444-2C37CABA70B7}
	EndGlobalSection
EndGlobal
